
Microsoft Visual Studio Solution File, Format Version 12.00
# Visual Studio Version 17
VisualStudioVersion = 17.7.34031.279
MinimumVisualStudioVersion = 10.0.40219.1
Project("{FAE04EC0-301F-11D3-BF4B-00C04F79EFBC}") = "CompositeDemo", "CompositeDemo\CompositeDemo.csproj", "{B438429A-665E-4645-ACDC-CA11CFD75043}"
EndProject
Project("{FAE04EC0-301F-11D3-BF4B-00C04F79EFBC}") = "UnitTest", "UnitTest\UnitTest.csproj", "{033328EF-6126-4BB8-8711-F8B43C2F9246}"
EndProject
Global
	GlobalSection(SolutionConfigurationPlatforms) = preSolution
		Debug|Any CPU = Debug|Any CPU
		Release|Any CPU = Release|Any CPU
	EndGlobalSection
	GlobalSection(ProjectConfigurationPlatforms) = postSolution
		{B438429A-665E-4645-ACDC-CA11CFD75043}.Debug|Any CPU.ActiveCfg = Debug|Any CPU
		{B438429A-665E-4645-ACDC-CA11CFD75043}.Debug|Any CPU.Build.0 = Debug|Any CPU
		{B438429A-665E-4645-ACDC-CA11CFD75043}.Release|Any CPU.ActiveCfg = Release|Any CPU
		{B438429A-665E-4645-ACDC-CA11CFD75043}.Release|Any CPU.Build.0 = Release|Any CPU
		{033328EF-6126-4BB8-8711-F8B43C2F9246}.Debug|Any CPU.ActiveCfg = Debug|Any CPU
		{033328EF-6126-4BB8-8711-F8B43C2F9246}.Debug|Any CPU.Build.0 = Debug|Any CPU
		{033328EF-6126-4BB8-8711-F8B43C2F9246}.Release|Any CPU.ActiveCfg = Release|Any CPU
		{033328EF-6126-4BB8-8711-F8B43C2F9246}.Release|Any CPU.Build.0 = Release|Any CPU
	EndGlobalSection
	GlobalSection(SolutionProperties) = preSolution
		HideSolutionNode = FALSE
	EndGlobalSection
	GlobalSection(ExtensibilityGlobals) = postSolution
		SolutionGuid = {BE5E9942-3DAE-49A3-9194-CD7612F608E4}
	EndGlobalSection
EndGlobal
